
Microsoft Visual Studio Solution File, Format Version 12.00
# Visual Studio Version 16
VisualStudioVersion = 16.0.28729.10
MinimumVisualStudioVersion = 10.0.40219.1
Project("{FAE04EC0-301F-11D3-BF4B-00C04F79EFBC}") = "LTIv2", "LTIv2\LTIv2.csproj", "{0BCADC1A-8186-4EB3-A2E3-3D937D11BB67}"
EndProject
Project("{FAE04EC0-301F-11D3-BF4B-00C04F79EFBC}") = "LTI_App", "LTI_App\LTI_App.csproj", "{023B8310-8756-4C15-897F-ED7A7634E985}"
EndProject
Global
	GlobalSection(SolutionConfigurationPlatforms) = preSolution
		Debug|Any CPU = Debug|Any CPU
		Release|Any CPU = Release|Any CPU
	EndGlobalSection
	GlobalSection(ProjectConfigurationPlatforms) = postSolution
		{0BCADC1A-8186-4EB3-A2E3-3D937D11BB67}.Debug|Any CPU.ActiveCfg = Debug|Any CPU
		{0BCADC1A-8186-4EB3-A2E3-3D937D11BB67}.Debug|Any CPU.Build.0 = Debug|Any CPU
		{0BCADC1A-8186-4EB3-A2E3-3D937D11BB67}.Release|Any CPU.ActiveCfg = Release|Any CPU
		{0BCADC1A-8186-4EB3-A2E3-3D937D11BB67}.Release|Any CPU.Build.0 = Release|Any CPU
		{023B8310-8756-4C15-897F-ED7A7634E985}.Debug|Any CPU.ActiveCfg = Debug|Any CPU
		{023B8310-8756-4C15-897F-ED7A7634E985}.Debug|Any CPU.Build.0 = Debug|Any CPU
		{023B8310-8756-4C15-897F-ED7A7634E985}.Release|Any CPU.ActiveCfg = Release|Any CPU
		{023B8310-8756-4C15-897F-ED7A7634E985}.Release|Any CPU.Build.0 = Release|Any CPU
	EndGlobalSection
	GlobalSection(SolutionProperties) = preSolution
		HideSolutionNode = FALSE
	EndGlobalSection
	GlobalSection(ExtensibilityGlobals) = postSolution
		SolutionGuid = {6C587B63-195C-4323-9781-3BC95713D115}
	EndGlobalSection
EndGlobal
